
Microsoft Visual Studio Solution File, Format Version 11.00
# Visual Studio 2010
Project("{FAE04EC0-301F-11D3-BF4B-00C04F79EFBC}") = "ClientSide", "ClientSide\ClientSide.csproj", "{68CA83DE-7AB9-4B62-B542-72F8D33DD699}"
EndProject
Project("{FAE04EC0-301F-11D3-BF4B-00C04F79EFBC}") = "NewsletterServer", "NewsletterServer\NewsletterServer.csproj", "{F91D01B0-4AF6-4B89-AEF0-9DBA9B39C3F9}"
EndProject
Global
	GlobalSection(SolutionConfigurationPlatforms) = preSolution
		Debug|Any CPU = Debug|Any CPU
		Debug|Mixed Platforms = Debug|Mixed Platforms
		Debug|x86 = Debug|x86
		Release|Any CPU = Release|Any CPU
		Release|Mixed Platforms = Release|Mixed Platforms
		Release|x86 = Release|x86
	EndGlobalSection
	GlobalSection(ProjectConfigurationPlatforms) = postSolution
		{68CA83DE-7AB9-4B62-B542-72F8D33DD699}.Debug|Any CPU.ActiveCfg = Debug|x86
		{68CA83DE-7AB9-4B62-B542-72F8D33DD699}.Debug|Mixed Platforms.ActiveCfg = Debug|x86
		{68CA83DE-7AB9-4B62-B542-72F8D33DD699}.Debug|Mixed Platforms.Build.0 = Debug|x86
		{68CA83DE-7AB9-4B62-B542-72F8D33DD699}.Debug|x86.ActiveCfg = Debug|x86
		{68CA83DE-7AB9-4B62-B542-72F8D33DD699}.Debug|x86.Build.0 = Debug|x86
		{68CA83DE-7AB9-4B62-B542-72F8D33DD699}.Release|Any CPU.ActiveCfg = Release|x86
		{68CA83DE-7AB9-4B62-B542-72F8D33DD699}.Release|Mixed Platforms.ActiveCfg = Release|x86
		{68CA83DE-7AB9-4B62-B542-72F8D33DD699}.Release|Mixed Platforms.Build.0 = Release|x86
		{68CA83DE-7AB9-4B62-B542-72F8D33DD699}.Release|x86.ActiveCfg = Release|x86
		{68CA83DE-7AB9-4B62-B542-72F8D33DD699}.Release|x86.Build.0 = Release|x86
		{F91D01B0-4AF6-4B89-AEF0-9DBA9B39C3F9}.Debug|Any CPU.ActiveCfg = Debug|Any CPU
		{F91D01B0-4AF6-4B89-AEF0-9DBA9B39C3F9}.Debug|Any CPU.Build.0 = Debug|Any CPU
		{F91D01B0-4AF6-4B89-AEF0-9DBA9B39C3F9}.Debug|Mixed Platforms.ActiveCfg = Debug|Any CPU
		{F91D01B0-4AF6-4B89-AEF0-9DBA9B39C3F9}.Debug|Mixed Platforms.Build.0 = Debug|Any CPU
		{F91D01B0-4AF6-4B89-AEF0-9DBA9B39C3F9}.Debug|x86.ActiveCfg = Debug|Any CPU
		{F91D01B0-4AF6-4B89-AEF0-9DBA9B39C3F9}.Release|Any CPU.ActiveCfg = Release|Any CPU
		{F91D01B0-4AF6-4B89-AEF0-9DBA9B39C3F9}.Release|Any CPU.Build.0 = Release|Any CPU
		{F91D01B0-4AF6-4B89-AEF0-9DBA9B39C3F9}.Release|Mixed Platforms.ActiveCfg = Release|Any CPU
		{F91D01B0-4AF6-4B89-AEF0-9DBA9B39C3F9}.Release|Mixed Platforms.Build.0 = Release|Any CPU
		{F91D01B0-4AF6-4B89-AEF0-9DBA9B39C3F9}.Release|x86.ActiveCfg = Release|Any CPU
	EndGlobalSection
	GlobalSection(SolutionProperties) = preSolution
		HideSolutionNode = FALSE
	EndGlobalSection
EndGlobal
